
Microsoft Visual Studio Solution File, Format Version 12.00
# Visual Studio 15
VisualStudioVersion = 15.0.28307.168
MinimumVisualStudioVersion = 10.0.40219.1
Project("{888888A0-9F3D-457C-B088-3A5042F75D52}") = "tugasSister", "tugasSister\tugasSister.pyproj", "{9222B7A2-2F8B-478A-9F78-BE5365B96A21}"
EndProject
Global
	GlobalSection(SolutionConfigurationPlatforms) = preSolution
		Debug|Any CPU = Debug|Any CPU
		Release|Any CPU = Release|Any CPU
	EndGlobalSection
	GlobalSection(ProjectConfigurationPlatforms) = postSolution
		{9222B7A2-2F8B-478A-9F78-BE5365B96A21}.Debug|Any CPU.ActiveCfg = Debug|Any CPU
		{9222B7A2-2F8B-478A-9F78-BE5365B96A21}.Release|Any CPU.ActiveCfg = Release|Any CPU
	EndGlobalSection
	GlobalSection(SolutionProperties) = preSolution
		HideSolutionNode = FALSE
	EndGlobalSection
	GlobalSection(ExtensibilityGlobals) = postSolution
		SolutionGuid = {6E41A621-11F6-4C63-B145-912686ED019E}
	EndGlobalSection
EndGlobal
